{
  "nodes": {
    "home-manager": {
      "inputs": {
        "nixpkgs": [
          "nixpkgs"
        ],
        "utils": "utils"
      },
      "locked": {
        "lastModified": 1663099612,
        "narHash": "sha256-ucokjFDRwCFWbcGiqxz0mfHv82UqwyW7RXY6ZgKSl80=",
        "owner": "nix-community",
        "repo": "home-manager",
        "rev": "60c6bfe322944d04bb38e76b64effcbd01258824",
        "type": "github"
      },
      "original": {
        "owner": "nix-community",
        "repo": "home-manager",
        "type": "github"
      }
    },
    "nixpkgs": {
      "locked": {
        "lastModified": 1663175074,
        "narHash": "sha256-pmujinSiECRsgOWpGlKtTwPEtCv8Y7OYYHgfg/tYdJw=",
        "owner": "nixos",
        "repo": "nixpkgs",
        "rev": "ee55809e3162f9157a7579b59d4b9caf6e931686",
        "type": "github"
      },
      "original": {
        "owner": "nixos",
        "ref": "nixpkgs-unstable",
        "repo": "nixpkgs",
        "type": "github"
      }
    },
    "root": {
      "inputs": {
        "home-manager": "home-manager",
        "nixpkgs": "nixpkgs"
      }
    },
    "utils": {
      "locked": {
        "lastModified": 1653893745,
        "narHash": "sha256-0jntwV3Z8//YwuOjzhV2sgJJPt+HY6KhU7VZUL0fKZQ=",
        "owner": "numtide",
        "repo": "flake-utils",
        "rev": "1ed9fb1935d260de5fe1c2f7ee0ebaae17ed2fa1",
        "type": "github"
      },
      "original": {
        "owner": "numtide",
        "repo": "flake-utils",
        "type": "github"
      }
    }
  },
  "root": "root",
  "version": 7
}
