{
  "lockfileVersion": 1,
  "configVersion": 1,
  "workspaces": {
    "": {
      "name": "kteam",
      "dependencies": {
        "commander": "^12.0.0",
        "playwright-core": "^1.62.0",
        "web-push": "^3.6.7",
      },
      "devDependencies": {
        "@types/bun": "latest",
        "@types/web-push": "^3.6.4",
        "typescript": "^5.7.0",
      },
      "optionalDependencies": {
        "sherpa-onnx-node": "1.13.4",
      },
    },
  },
  "packages": {
    "@types/bun": ["@types/bun@1.3.14", "", { "dependencies": { "bun-types": "1.3.14" } }, "sha512-h1hFqFVcvAvD9j9K7ZW7vd82aSA+rTdznZa+5bwvCwqSB1jmmfLcbIWhOLx1/+boy/xmjgCs/OMUL8hRJSmnPw=="],

    "@types/node": ["@types/node@26.1.1", "", { "dependencies": { "undici-types": "~8.3.0" } }, "sha512-nxAkRSVkN1Y0JC1W8ky/fTfkGsMmcrRsbx+3XoZE+rMOX71kLYTV7fLXpqud1GpbpP5TuffXFqfX7fH2GgZREw=="],

    "@types/web-push": ["@types/web-push@3.6.4", "", { "dependencies": { "@types/node": "*" } }, "sha512-GnJmSr40H3RAnj0s34FNTcJi1hmWFV5KXugE0mYWnYhgTAHLJ/dJKAwDmvPJYMke0RplY2XE9LnM4hqSqKIjhQ=="],

    "agent-base": ["agent-base@7.1.4", "", {}, "sha512-MnA+YT8fwfJPgBx3m60MNqakm30XOkyIoH1y6huTQvC0PwZG7ki8NacLBcrPbNoo8vEZy7Jpuk7+jMO+CUovTQ=="],

    "asn1.js": ["asn1.js@5.4.1", "", { "dependencies": { "bn.js": "^4.0.0", "inherits": "^2.0.1", "minimalistic-assert": "^1.0.0", "safer-buffer": "^2.1.0" } }, "sha512-+I//4cYPccV8LdmBLiX8CYvf9Sp3vQsrqu2QNXRcrbiWvcx/UdlFiqUJJzxRQxgsZmvhXhn4cSKeSmoFjVdupA=="],

    "bn.js": ["bn.js@4.12.5", "", {}, "sha512-3aRg6/JxfffFD+OlOjOFR3Vo79l39ooBTFucxx+MT3dhCtzn3EmiUPQo+6/OZuI2jbXi3YKgmiTFBgChQMwIRQ=="],

    "buffer-equal-constant-time": ["buffer-equal-constant-time@1.0.1", "", {}, "sha512-zRpUiDwd/xk6ADqPMATG8vc9VPrkck7T07OIx0gnjmJAnHnTVXNQG3vfvWNuiZIkwu9KrKdA1iJKfsfTVxE6NA=="],

    "bun-types": ["bun-types@1.3.14", "", { "dependencies": { "@types/node": "*" } }, "sha512-4N0ig0fEomHt5R0KCFWjovxow98rIoRwKolrYdCcknNwMekCXRnWEUvgu5soYV8QXtVsrUD8B95MBOZGPvr6KQ=="],

    "commander": ["commander@12.1.0", "", {}, "sha512-Vw8qHK3bZM9y/P10u3Vib8o/DdkvA2OtPtZvD871QKjy74Wj1WSKFILMPRPSdUSx5RFK1arlJzEtA4PkFgnbuA=="],

    "debug": ["debug@4.4.3", "", { "dependencies": { "ms": "^2.1.3" } }, "sha512-RGwwWnwQvkVfavKVt22FGLw+xYSdzARwm0ru6DhTVA3umU5hZc28V3kO4stgYryrTlLpuvgI9GiijltAjNbcqA=="],

    "ecdsa-sig-formatter": ["ecdsa-sig-formatter@1.0.11", "", { "dependencies": { "safe-buffer": "^5.0.1" } }, "sha512-nagl3RYrbNv6kQkeJIpt6NJZy8twLB/2vtz6yN9Z4vRKHN4/QZJIEbqohALSgwKdnksuY3k5Addp5lg8sVoVcQ=="],

    "http_ece": ["http_ece@1.2.0", "", {}, "sha512-JrF8SSLVmcvc5NducxgyOrKXe3EsyHMgBFgSaIUGmArKe+rwr0uphRkRXvwiom3I+fpIfoItveHrfudL8/rxuA=="],

    "https-proxy-agent": ["https-proxy-agent@7.0.6", "", { "dependencies": { "agent-base": "^7.1.2", "debug": "4" } }, "sha512-vK9P5/iUfdl95AI+JVyUuIcVtd4ofvtrOr3HNtM2yxC9bnMbEdp3x01OhQNnjb8IJYi38VlTE3mBXwcfvywuSw=="],

    "inherits": ["inherits@2.0.4", "", {}, "sha512-k/vGaX4/Yla3WzyMCvTQOXYeIHvqOKtnqBduzTHpzpQZzAskKMhZ2K+EnBiSM9zGSoIFeMpXKxa4dYeZIQqewQ=="],

    "jwa": ["jwa@2.0.1", "", { "dependencies": { "buffer-equal-constant-time": "^1.0.1", "ecdsa-sig-formatter": "1.0.11", "safe-buffer": "^5.0.1" } }, "sha512-hRF04fqJIP8Abbkq5NKGN0Bbr3JxlQ+qhZufXVr0DvujKy93ZCbXZMHDL4EOtodSbCWxOqR8MS1tXA5hwqCXDg=="],

    "jws": ["jws@4.0.1", "", { "dependencies": { "jwa": "^2.0.1", "safe-buffer": "^5.0.1" } }, "sha512-EKI/M/yqPncGUUh44xz0PxSidXFr/+r0pA70+gIYhjv+et7yxM+s29Y+VGDkovRofQem0fs7Uvf4+YmAdyRduA=="],

    "minimalistic-assert": ["minimalistic-assert@1.0.1", "", {}, "sha512-UtJcAD4yEaGtjPezWuO9wC4nwUnVH/8/Im3yEHQP4b67cXlD/Qr9hdITCU1xDbSEXg2XKNaP8jsReV7vQd00/A=="],

    "minimist": ["minimist@1.2.8", "", {}, "sha512-2yyAR8qBkN3YuheJanUpWC5U3bb5osDywNB8RzDVlDwDHbocAJveqqj1u8+SVD7jkWT4yvsHCpWqqWqAxb0zCA=="],

    "ms": ["ms@2.1.3", "", {}, "sha512-6FlzubTLZG3J2a/NVCAleEhjzq5oxgHyaCU9yYXvcLsvoVaHJq/s5xXI6/XXP6tz7R9xAOtHnSO/tXtF3WRTlA=="],

    "playwright-core": ["playwright-core@1.62.0", "", { "bin": { "playwright-core": "cli.js" } }, "sha512-nsNRyq0r2zsG8AcRHWknc9QRA5XCueC7gWMrs+Gx2tlZn9hcl8zudfh00lhJPY1DE7NmZ6bDsT9g2yey8mXljA=="],

    "safe-buffer": ["safe-buffer@5.2.1", "", {}, "sha512-rp3So07KcdmmKbGvgaNxQSJr7bGVSVk5S9Eq1F+ppbRo70+YeaDxkw5Dd8NPN+GD6bjnYm2VuPuCXmpuYvmCXQ=="],

    "safer-buffer": ["safer-buffer@2.1.2", "", {}, "sha512-YZo3K82SD7Riyi0E1EQPojLz7kpepnSQI9IyPbHHg1XXXevb5dJI7tpyN2ADxGcQbHG7vcyRHk0cbwqcQriUtg=="],

    "sherpa-onnx-darwin-arm64": ["sherpa-onnx-darwin-arm64@1.13.4", "", { "os": "darwin", "cpu": "arm64" }, "sha512-QcYKzyrTzGSx6aKCD6hUODgRS1LetqfG57Z/+i5LCyfMlrgCvDc1lRcl9cdB+TozBsLha9QwLTlI0vmDcf5JKg=="],

    "sherpa-onnx-darwin-x64": ["sherpa-onnx-darwin-x64@1.13.4", "", { "os": "darwin", "cpu": "x64" }, "sha512-6RGeis9K9gV/UQWOgd6Rf3iqXr2/YsBQswxHaCR4hrYkHfEIpHMfFmRWLt6nJJCOWgYW2xFxEd9yzjrafAV/Pw=="],

    "sherpa-onnx-linux-arm64": ["sherpa-onnx-linux-arm64@1.13.4", "", { "os": "linux", "cpu": "arm64" }, "sha512-RMjMRqT82BgTXypNNGmLe6ZFYhc3WEvnAGl3DdkK7qB/kuXwkL3iHhV31wAecbnWPsnEpUoD+8cFovWSBzsCuw=="],

    "sherpa-onnx-linux-x64": ["sherpa-onnx-linux-x64@1.13.4", "", { "os": "linux", "cpu": "x64" }, "sha512-WZh5NCkGPFHHpYSd78iN4OnmxQeSTGyt9uZskH+im/NFHQ7elQ7B0sLzCMeRpvJxiIKvd9C6WxIJ4hYaxClfsQ=="],

    "sherpa-onnx-node": ["sherpa-onnx-node@1.13.4", "", { "optionalDependencies": { "sherpa-onnx-darwin-arm64": "^1.13.4", "sherpa-onnx-darwin-x64": "^1.13.4", "sherpa-onnx-linux-arm64": "^1.13.4", "sherpa-onnx-linux-x64": "^1.13.4", "sherpa-onnx-win-ia32": "^1.13.4", "sherpa-onnx-win-x64": "^1.13.4" } }, "sha512-jHWWdY9f0dbvJpdsfR/C4WNhM57+jT9Os2RyC4/qUz8HKCtj2VYFmJ9s7tue9OCFRAmdoGBkgkqD6aBZ3I8BKw=="],

    "sherpa-onnx-win-ia32": ["sherpa-onnx-win-ia32@1.13.4", "", { "os": "win32", "cpu": "ia32" }, "sha512-/JbPjldrfNv+t+uIS3MlkuhfIf5l3FHUGkRC2oRXgjRqOaVmEyP3vLlQ7dTa4J7raG5oB8c3GoPjuSWSqT9GOQ=="],

    "sherpa-onnx-win-x64": ["sherpa-onnx-win-x64@1.13.4", "", { "os": "win32", "cpu": "x64" }, "sha512-R0PWby1VxC14TDZPq7GcfSyXSY6SAFO8Y4JwdCdqouFmeXkZ1L7Is9m98C9KxQ0dN7ZtDzhAmE/43FUs/elXRQ=="],

    "typescript": ["typescript@5.9.3", "", { "bin": { "tsc": "bin/tsc", "tsserver": "bin/tsserver" } }, "sha512-jl1vZzPDinLr9eUt3J/t7V6FgNEw9QjvBPdysz9KfQDD41fQrC2Y4vKQdiaUpFT4bXlb1RHhLpp8wtm6M5TgSw=="],

    "undici-types": ["undici-types@8.3.0", "", {}, "sha512-j375ScV60dom+YkPFIfTLcOiPxkN/buHz5GobjLhixFuANaNs3C9l4GmrWqejgXWJ7BbJcFYpTEUkS1Ge8bpZQ=="],

    "web-push": ["web-push@3.6.7", "", { "dependencies": { "asn1.js": "^5.3.0", "http_ece": "1.2.0", "https-proxy-agent": "^7.0.0", "jws": "^4.0.0", "minimist": "^1.2.5" }, "bin": { "web-push": "src/cli.js" } }, "sha512-OpiIUe8cuGjrj3mMBFWY+e4MMIkW3SVT+7vEIjvD9kejGUypv8GPDf84JdPWskK8zMRIJ6xYGm+Kxr8YkPyA0A=="],
  }
}
